// !$*UTF8*$!
{
	archiveVersion = 1;
	classes = {
	};
	objectVersion = 48;
	objects = {

/* Begin PBXBuildFile section */
		AC24DBF3204D5E7100902227 /* main.m in Sources */ = {isa = PBXBuildFile; fileRef = AC24DBF2204D5E7100902227 /* main.m */; };
		AC24DBFB204D5F5800902227 /* Atleta.m in Sources */ = {isa = PBXBuildFile; fileRef = AC24DBFA204D5F5800902227 /* Atleta.m */; };
		AC66D84F2056992A00A65DDC /* Esporte.m in Sources */ = {isa = PBXBuildFile; fileRef = AC66D84E2056992A00A65DDC /* Esporte.m */; };
/* End PBXBuildFile section */

/* Begin PBXCopyFilesBuildPhase section */
		AC24DBED204D5E7100902227 /* CopyFiles */ = {
			isa = PBXCopyFilesBuildPhase;
			buildActionMask = 2147483647;
			dstPath = /usr/share/man/man1/;
			dstSubfolderSpec = 0;
			files = (
			);
			runOnlyForDeploymentPostprocessing = 1;
		};
/* End PBXCopyFilesBuildPhase section */

/* Begin PBXFileReference section */
		AC24DBEF204D5E7100902227 /* Exemplo Classe */ = {isa = PBXFileReference; explicitFileType = "compiled.mach-o.executable"; includeInIndex = 0; path = "Exemplo Classe"; sourceTree = BUILT_PRODUCTS_DIR; };
		AC24DBF2204D5E7100902227 /* main.m */ = {isa = PBXFileReference; lastKnownFileType = sourcecode.c.objc; path = main.m; sourceTree = "<group>"; };
		AC24DBF9204D5F5800902227 /* Atleta.h */ = {isa = PBXFileReference; lastKnownFileType = sourcecode.c.h; path = Atleta.h; sourceTree = "<group>"; };
		AC24DBFA204D5F5800902227 /* Atleta.m */ = {isa = PBXFileReference; lastKnownFileType = sourcecode.c.objc; path = Atleta.m; sourceTree = "<group>"; };
		AC66D84D2056992A00A65DDC /* Esporte.h */ = {isa = PBXFileReference; lastKnownFileType = sourcecode.c.h; path = Esporte.h; sourceTree = "<group>"; };
		AC66D84E2056992A00A65DDC /* Esporte.m */ = {isa = PBXFileReference; lastKnownFileType = sourcecode.c.objc; path = Esporte.m; sourceTree = "<group>"; };
/* End PBXFileReference section */

/* Begin PBXFrameworksBuildPhase section */
		AC24DBEC204D5E7100902227 /* Frameworks */ = {
			isa = PBXFrameworksBuildPhase;
			buildActionMask = 2147483647;
			files = (
			);
			runOnlyForDeploymentPostprocessing = 0;
		};
/* End PBXFrameworksBuildPhase section */

/* Begin PBXGroup section */
		AC24DBE6204D5E7100902227 = {
			isa = PBXGroup;
			children = (
				AC24DBF1204D5E7100902227 /* Exemplo Classe */,
				AC24DBF0204D5E7100902227 /* Products */,
			);
			sourceTree = "<group>";
		};
		AC24DBF0204D5E7100902227 /* Products */ = {
			isa = PBXGroup;
			children = (
				AC24DBEF204D5E7100902227 /* Exemplo Classe */,
			);
			name = Products;
			sourceTree = "<group>";
		};
		AC24DBF1204D5E7100902227 /* Exemplo Classe */ = {
			isa = PBXGroup;
			children = (
				AC24DBF2204D5E7100902227 /* main.m */,
				AC24DBF9204D5F5800902227 /* Atleta.h */,
				AC24DBFA204D5F5800902227 /* Atleta.m */,
				AC66D84D2056992A00A65DDC /* Esporte.h */,
				AC66D84E2056992A00A65DDC /* Esporte.m */,
			);
			path = "Exemplo Classe";
			sourceTree = "<group>";
		};
/* End PBXGroup section */

/* Begin PBXNativeTarget section */
		AC24DBEE204D5E7100902227 /* Exemplo Classe */ = {
			isa = PBXNativeTarget;
			buildConfigurationList = AC24DBF6204D5E7100902227 /* Build configuration list for PBXNativeTarget "Exemplo Classe" */;
			buildPhases = (
				AC24DBEB204D5E7100902227 /* Sources */,
				AC24DBEC204D5E7100902227 /* Frameworks */,
				AC24DBED204D5E7100902227 /* CopyFiles */,
			);
			buildRules = (
			);
			dependencies = (
			);
			name = "Exemplo Classe";
			productName = "Exemplo Classe";
			productReference = AC24DBEF204D5E7100902227 /* Exemplo Classe */;
			productType = "com.apple.product-type.tool";
		};
/* End PBXNativeTarget section */

/* Begin PBXProject section */
		AC24DBE7204D5E7100902227 /* Project object */ = {
			isa = PBXProject;
			attributes = {
				LastUpgradeCheck = 0920;
				ORGANIZATIONNAME = "Joana Durvalo";
				TargetAttributes = {
					AC24DBEE204D5E7100902227 = {
						CreatedOnToolsVersion = 9.2;
						ProvisioningStyle = Automatic;
					};
				};
			};
			buildConfigurationList = AC24DBEA204D5E7100902227 /* Build configuration list for PBXProject "Exemplo Classe" */;
			compatibilityVersion = "Xcode 8.0";
			developmentRegion = en;
			hasScannedForEncodings = 0;
			knownRegions = (
				en,
			);
			mainGroup = AC24DBE6204D5E7100902227;
			productRefGroup = AC24DBF0204D5E7100902227 /* Products */;
			projectDirPath = "";
			projectRoot = "";
			targets = (
				AC24DBEE204D5E7100902227 /* Exemplo Classe */,
			);
		};
/* End PBXProject section */

/* Begin PBXSourcesBuildPhase section */
		AC24DBEB204D5E7100902227 /* Sources */ = {
			isa = PBXSourcesBuildPhase;
			buildActionMask = 2147483647;
			files = (
				AC66D84F2056992A00A65DDC /* Esporte.m in Sources */,
				AC24DBFB204D5F5800902227 /* Atleta.m in Sources */,
				AC24DBF3204D5E7100902227 /* main.m in Sources */,
			);
			runOnlyForDeploymentPostprocessing = 0;
		};
/* End PBXSourcesBuildPhase section */

/* Begin XCBuildConfiguration section */
		AC24DBF4204D5E7100902227 /* Debug */ = {
			isa = XCBuildConfiguration;
			buildSettings = {
				ALWAYS_SEARCH_USER_PATHS = NO;
				CLANG_ANALYZER_NONNULL = YES;
				CLANG_ANALYZER_NUMBER_OBJECT_CONVERSION = YES_AGGRESSIVE;
				CLANG_CXX_LANGUAGE_STANDARD = "gnu++14";
				CLANG_CXX_LIBRARY = "libc++";
				CLANG_ENABLE_MODULES = YES;
				CLANG_ENABLE_OBJC_ARC = YES;
				CLANG_WARN_BLOCK_CAPTURE_AUTORELEASING = YES;
				CLANG_WARN_BOOL_CONVERSION = YES;
				CLANG_WARN_COMMA = YES;
				CLANG_WARN_CONSTANT_CONVERSION = YES;
				CLANG_WARN_DIRECT_OBJC_ISA_USAGE = YES_ERROR;
				CLANG_WARN_DOCUMENTATION_COMMENTS = YES;
				CLANG_WARN_EMPTY_BODY = YES;
				CLANG_WARN_ENUM_CONVERSION = YES;
				CLANG_WARN_INFINITE_RECURSION = YES;
				CLANG_WARN_INT_CONVERSION = YES;
				CLANG_WARN_NON_LITERAL_NULL_CONVERSION = YES;
				CLANG_WARN_OBJC_LITERAL_CONVERSION = YES;
				CLANG_WARN_OBJC_ROOT_CLASS = YES_ERROR;
				CLANG_WARN_RANGE_LOOP_ANALYSIS = YES;
				CLANG_WARN_STRICT_PROTOTYPES = YES;
				CLANG_WARN_SUSPICIOUS_MOVE = YES;
				CLANG_WARN_UNGUARDED_AVAILABILITY = YES_AGGRESSIVE;
				CLANG_WARN_UNREACHABLE_CODE = YES;
				CLANG_WARN__DUPLICATE_METHOD_MATCH = YES;
				CODE_SIGN_IDENTITY = "-";
				COPY_PHASE_STRIP = NO;
				DEBUG_INFORMATION_FORMAT = dwarf;
				ENABLE_STRICT_OBJC_MSGSEND = YES;
				ENABLE_TESTABILITY = YES;
				GCC_C_LANGUAGE_STANDARD = gnu11;
				GCC_DYNAMIC_NO_PIC = NO;
				GCC_NO_COMMON_BLOCKS = YES;
				GCC_OPTIMIZATION_LEVEL = 0;
				GCC_PREPROCESSOR_DEFINITIONS = (
					"DEBUG=1",
					"$(inherited)",
				);
				GCC_WARN_64_TO_32_BIT_CONVERSION = YES;
				GCC_WARN_ABOUT_RETURN_TYPE = YES_ERROR;
				GCC_WARN_UNDECLARED_SELECTOR = YES;
				GCC_WARN_UNINITIALIZED_AUTOS = YES_AGGRESSIVE;
				GCC_WARN_UNUSED_FUNCTION = YES;
				GCC_WARN_UNUSED_VARIABLE = YES;
				MACOSX_DEPLOYMENT_TARGET = 10.13;
				MTL_ENABLE_DEBUG_INFO = YES;
				ONLY_ACTIVE_ARCH = YES;
				SDKROOT = macosx;
			};
			name = Debug;
		};
		AC24DBF5204D5E7100902227 /* Release */ = {
			isa = XCBuildConfiguration;
			buildSettings = {
				ALWAYS_SEARCH_USER_PATHS = NO;
				CLANG_ANALYZER_NONNULL = YES;
				CLANG_ANALYZER_NUMBER_OBJECT_CONVERSION = YES_AGGRESSIVE;
				CLANG_CXX_LANGUAGE_STANDARD = "gnu++14";
				CLANG_CXX_LIBRARY = "libc++";
				CLANG_ENABLE_MODULES = YES;
				CLANG_ENABLE_OBJC_ARC = YES;
				CLANG_WARN_BLOCK_CAPTURE_AUTORELEASING = YES;
				CLANG_WARN_BOOL_CONVERSION = YES;
				CLANG_WARN_COMMA = YES;
				CLANG_WARN_CONSTANT_CONVERSION = YES;
				CLANG_WARN_DIRECT_OBJC_ISA_USAGE = YES_ERROR;
				CLANG_WARN_DOCUMENTATION_COMMENTS = YES;
				CLANG_WARN_EMPTY_BODY = YES;
				CLANG_WARN_ENUM_CONVERSION = YES;
				CLANG_WARN_INFINITE_RECURSION = YES;
				CLANG_WARN_INT_CONVERSION = YES;
				CLANG_WARN_NON_LITERAL_NULL_CONVERSION = YES;
				CLANG_WARN_OBJC_LITERAL_CONVERSION = YES;
				CLANG_WARN_OBJC_ROOT_CLASS = YES_ERROR;
				CLANG_WARN_RANGE_LOOP_ANALYSIS = YES;
				CLANG_WARN_STRICT_PROTOTYPES = YES;
				CLANG_WARN_SUSPICIOUS_MOVE = YES;
				CLANG_WARN_UNGUARDED_AVAILABILITY = YES_AGGRESSIVE;
				CLANG_WARN_UNREACHABLE_CODE = YES;
				CLANG_WARN__DUPLICATE_METHOD_MATCH = YES;
				CODE_SIGN_IDENTITY = "-";
				COPY_PHASE_STRIP = NO;
				DEBUG_INFORMATION_FORMAT = "dwarf-with-dsym";
				ENABLE_NS_ASSERTIONS = NO;
				ENABLE_STRICT_OBJC_MSGSEND = YES;
				GCC_C_LANGUAGE_STANDARD = gnu11;
				GCC_NO_COMMON_BLOCKS = YES;
				GCC_WARN_64_TO_32_BIT_CONVERSION = YES;
				GCC_WARN_ABOUT_RETURN_TYPE = YES_ERROR;
				GCC_WARN_UNDECLARED_SELECTOR = YES;
				GCC_WARN_UNINITIALIZED_AUTOS = YES_AGGRESSIVE;
				GCC_WARN_UNUSED_FUNCTION = YES;
				GCC_WARN_UNUSED_VARIABLE = YES;
				MACOSX_DEPLOYMENT_TARGET = 10.13;
				MTL_ENABLE_DEBUG_INFO = NO;
				SDKROOT = macosx;
			};
			name = Release;
		};
		AC24DBF7204D5E7100902227 /* Debug */ = {
			isa = XCBuildConfiguration;
			buildSettings = {
				CODE_SIGN_STYLE = Automatic;
				PRODUCT_NAME = "$(TARGET_NAME)";
			};
			name = Debug;
		};
		AC24DBF8204D5E7100902227 /* Release */ = {
			isa = XCBuildConfiguration;
			buildSettings = {
				CODE_SIGN_STYLE = Automatic;
				PRODUCT_NAME = "$(TARGET_NAME)";
			};
			name = Release;
		};
/* End XCBuildConfiguration section */

/* Begin XCConfigurationList section */
		AC24DBEA204D5E7100902227 /* Build configuration list for PBXProject "Exemplo Classe" */ = {
			isa = XCConfigurationList;
			buildConfigurations = (
				AC24DBF4204D5E7100902227 /* Debug */,
				AC24DBF5204D5E7100902227 /* Release */,
			);
			defaultConfigurationIsVisible = 0;
			defaultConfigurationName = Release;
		};
		AC24DBF6204D5E7100902227 /* Build configuration list for PBXNativeTarget "Exemplo Classe" */ = {
			isa = XCConfigurationList;
			buildConfigurations = (
				AC24DBF7204D5E7100902227 /* Debug */,
				AC24DBF8204D5E7100902227 /* Release */,
			);
			defaultConfigurationIsVisible = 0;
			defaultConfigurationName = Release;
		};
/* End XCConfigurationList section */
	};
	rootObject = AC24DBE7204D5E7100902227 /* Project object */;
}
