// !$*UTF8*$!
{
	archiveVersion = 1;
	classes = {
	};
	objectVersion = 50;
	objects = {

/* Begin PBXBuildFile section */
		AC515DC9213D58CC0057F878 /* AppDelegate.swift in Sources */ = {isa = PBXBuildFile; fileRef = AC515DC8213D58CC0057F878 /* AppDelegate.swift */; };
		AC515DCB213D58CC0057F878 /* ViewController.swift in Sources */ = {isa = PBXBuildFile; fileRef = AC515DCA213D58CC0057F878 /* ViewController.swift */; };
		AC515DCE213D58CC0057F878 /* Main.storyboard in Resources */ = {isa = PBXBuildFile; fileRef = AC515DCC213D58CC0057F878 /* Main.storyboard */; };
		AC515DD0213D58CD0057F878 /* Assets.xcassets in Resources */ = {isa = PBXBuildFile; fileRef = AC515DCF213D58CD0057F878 /* Assets.xcassets */; };
		AC515DD3213D58CD0057F878 /* LaunchScreen.storyboard in Resources */ = {isa = PBXBuildFile; fileRef = AC515DD1213D58CD0057F878 /* LaunchScreen.storyboard */; };
/* End PBXBuildFile section */

/* Begin PBXFileReference section */
		AC515DC5213D58CC0057F878 /* Exemplo1_Rest_IOS_Swift.app */ = {isa = PBXFileReference; explicitFileType = wrapper.application; includeInIndex = 0; path = Exemplo1_Rest_IOS_Swift.app; sourceTree = BUILT_PRODUCTS_DIR; };
		AC515DC8213D58CC0057F878 /* AppDelegate.swift */ = {isa = PBXFileReference; lastKnownFileType = sourcecode.swift; path = AppDelegate.swift; sourceTree = "<group>"; };
		AC515DCA213D58CC0057F878 /* ViewController.swift */ = {isa = PBXFileReference; lastKnownFileType = sourcecode.swift; path = ViewController.swift; sourceTree = "<group>"; };
		AC515DCD213D58CC0057F878 /* Base */ = {isa = PBXFileReference; lastKnownFileType = file.storyboard; name = Base; path = Base.lproj/Main.storyboard; sourceTree = "<group>"; };
		AC515DCF213D58CD0057F878 /* Assets.xcassets */ = {isa = PBXFileReference; lastKnownFileType = folder.assetcatalog; path = Assets.xcassets; sourceTree = "<group>"; };
		AC515DD2213D58CD0057F878 /* Base */ = {isa = PBXFileReference; lastKnownFileType = file.storyboard; name = Base; path = Base.lproj/LaunchScreen.storyboard; sourceTree = "<group>"; };
		AC515DD4213D58CD0057F878 /* Info.plist */ = {isa = PBXFileReference; lastKnownFileType = text.plist.xml; path = Info.plist; sourceTree = "<group>"; };
/* End PBXFileReference section */

/* Begin PBXFrameworksBuildPhase section */
		AC515DC2213D58CC0057F878 /* Frameworks */ = {
			isa = PBXFrameworksBuildPhase;
			buildActionMask = 2147483647;
			files = (
			);
			runOnlyForDeploymentPostprocessing = 0;
		};
/* End PBXFrameworksBuildPhase section */

/* Begin PBXGroup section */
		AC515DBC213D58CC0057F878 = {
			isa = PBXGroup;
			children = (
				AC515DC7213D58CC0057F878 /* Exemplo1_Rest_IOS_Swift */,
				AC515DC6213D58CC0057F878 /* Products */,
			);
			sourceTree = "<group>";
		};
		AC515DC6213D58CC0057F878 /* Products */ = {
			isa = PBXGroup;
			children = (
				AC515DC5213D58CC0057F878 /* Exemplo1_Rest_IOS_Swift.app */,
			);
			name = Products;
			sourceTree = "<group>";
		};
		AC515DC7213D58CC0057F878 /* Exemplo1_Rest_IOS_Swift */ = {
			isa = PBXGroup;
			children = (
				AC515DC8213D58CC0057F878 /* AppDelegate.swift */,
				AC515DCA213D58CC0057F878 /* ViewController.swift */,
				AC515DCC213D58CC0057F878 /* Main.storyboard */,
				AC515DCF213D58CD0057F878 /* Assets.xcassets */,
				AC515DD1213D58CD0057F878 /* LaunchScreen.storyboard */,
				AC515DD4213D58CD0057F878 /* Info.plist */,
			);
			path = Exemplo1_Rest_IOS_Swift;
			sourceTree = "<group>";
		};
/* End PBXGroup section */

/* Begin PBXNativeTarget section */
		AC515DC4213D58CC0057F878 /* Exemplo1_Rest_IOS_Swift */ = {
			isa = PBXNativeTarget;
			buildConfigurationList = AC515DD7213D58CD0057F878 /* Build configuration list for PBXNativeTarget "Exemplo1_Rest_IOS_Swift" */;
			buildPhases = (
				AC515DC1213D58CC0057F878 /* Sources */,
				AC515DC2213D58CC0057F878 /* Frameworks */,
				AC515DC3213D58CC0057F878 /* Resources */,
			);
			buildRules = (
			);
			dependencies = (
			);
			name = Exemplo1_Rest_IOS_Swift;
			productName = Exemplo1_Rest_IOS_Swift;
			productReference = AC515DC5213D58CC0057F878 /* Exemplo1_Rest_IOS_Swift.app */;
			productType = "com.apple.product-type.application";
		};
/* End PBXNativeTarget section */

/* Begin PBXProject section */
		AC515DBD213D58CC0057F878 /* Project object */ = {
			isa = PBXProject;
			attributes = {
				LastSwiftUpdateCheck = 0940;
				LastUpgradeCheck = 0940;
				ORGANIZATIONNAME = "Agesandro Scarpioni";
				TargetAttributes = {
					AC515DC4213D58CC0057F878 = {
						CreatedOnToolsVersion = 9.4.1;
					};
				};
			};
			buildConfigurationList = AC515DC0213D58CC0057F878 /* Build configuration list for PBXProject "Exemplo1_Rest_IOS_Swift" */;
			compatibilityVersion = "Xcode 9.3";
			developmentRegion = en;
			hasScannedForEncodings = 0;
			knownRegions = (
				en,
				Base,
			);
			mainGroup = AC515DBC213D58CC0057F878;
			productRefGroup = AC515DC6213D58CC0057F878 /* Products */;
			projectDirPath = "";
			projectRoot = "";
			targets = (
				AC515DC4213D58CC0057F878 /* Exemplo1_Rest_IOS_Swift */,
			);
		};
/* End PBXProject section */

/* Begin PBXResourcesBuildPhase section */
		AC515DC3213D58CC0057F878 /* Resources */ = {
			isa = PBXResourcesBuildPhase;
			buildActionMask = 2147483647;
			files = (
				AC515DD3213D58CD0057F878 /* LaunchScreen.storyboard in Resources */,
				AC515DD0213D58CD0057F878 /* Assets.xcassets in Resources */,
				AC515DCE213D58CC0057F878 /* Main.storyboard in Resources */,
			);
			runOnlyForDeploymentPostprocessing = 0;
		};
/* End PBXResourcesBuildPhase section */

/* Begin PBXSourcesBuildPhase section */
		AC515DC1213D58CC0057F878 /* Sources */ = {
			isa = PBXSourcesBuildPhase;
			buildActionMask = 2147483647;
			files = (
				AC515DCB213D58CC0057F878 /* ViewController.swift in Sources */,
				AC515DC9213D58CC0057F878 /* AppDelegate.swift in Sources */,
			);
			runOnlyForDeploymentPostprocessing = 0;
		};
/* End PBXSourcesBuildPhase section */

/* Begin PBXVariantGroup section */
		AC515DCC213D58CC0057F878 /* Main.storyboard */ = {
			isa = PBXVariantGroup;
			children = (
				AC515DCD213D58CC0057F878 /* Base */,
			);
			name = Main.storyboard;
			sourceTree = "<group>";
		};
		AC515DD1213D58CD0057F878 /* LaunchScreen.storyboard */ = {
			isa = PBXVariantGroup;
			children = (
				AC515DD2213D58CD0057F878 /* Base */,
			);
			name = LaunchScreen.storyboard;
			sourceTree = "<group>";
		};
/* End PBXVariantGroup section */

/* Begin XCBuildConfiguration section */
		AC515DD5213D58CD0057F878 /* Debug */ = {
			isa = XCBuildConfiguration;
			buildSettings = {
				ALWAYS_SEARCH_USER_PATHS = NO;
				CLANG_ANALYZER_NONNULL = YES;
				CLANG_ANALYZER_NUMBER_OBJECT_CONVERSION = YES_AGGRESSIVE;
				CLANG_CXX_LANGUAGE_STANDARD = "gnu++14";
				CLANG_CXX_LIBRARY = "libc++";
				CLANG_ENABLE_MODULES = YES;
				CLANG_ENABLE_OBJC_ARC = YES;
				CLANG_ENABLE_OBJC_WEAK = YES;
				CLANG_WARN_BLOCK_CAPTURE_AUTORELEASING = YES;
				CLANG_WARN_BOOL_CONVERSION = YES;
				CLANG_WARN_COMMA = YES;
				CLANG_WARN_CONSTANT_CONVERSION = YES;
				CLANG_WARN_DEPRECATED_OBJC_IMPLEMENTATIONS = YES;
				CLANG_WARN_DIRECT_OBJC_ISA_USAGE = YES_ERROR;
				CLANG_WARN_DOCUMENTATION_COMMENTS = YES;
				CLANG_WARN_EMPTY_BODY = YES;
				CLANG_WARN_ENUM_CONVERSION = YES;
				CLANG_WARN_INFINITE_RECURSION = YES;
				CLANG_WARN_INT_CONVERSION = YES;
				CLANG_WARN_NON_LITERAL_NULL_CONVERSION = YES;
				CLANG_WARN_OBJC_IMPLICIT_RETAIN_SELF = YES;
				CLANG_WARN_OBJC_LITERAL_CONVERSION = YES;
				CLANG_WARN_OBJC_ROOT_CLASS = YES_ERROR;
				CLANG_WARN_RANGE_LOOP_ANALYSIS = YES;
				CLANG_WARN_STRICT_PROTOTYPES = YES;
				CLANG_WARN_SUSPICIOUS_MOVE = YES;
				CLANG_WARN_UNGUARDED_AVAILABILITY = YES_AGGRESSIVE;
				CLANG_WARN_UNREACHABLE_CODE = YES;
				CLANG_WARN__DUPLICATE_METHOD_MATCH = YES;
				CODE_SIGN_IDENTITY = "iPhone Developer";
				COPY_PHASE_STRIP = NO;
				DEBUG_INFORMATION_FORMAT = dwarf;
				ENABLE_STRICT_OBJC_MSGSEND = YES;
				ENABLE_TESTABILITY = YES;
				GCC_C_LANGUAGE_STANDARD = gnu11;
				GCC_DYNAMIC_NO_PIC = NO;
				GCC_NO_COMMON_BLOCKS = YES;
				GCC_OPTIMIZATION_LEVEL = 0;
				GCC_PREPROCESSOR_DEFINITIONS = (
					"DEBUG=1",
					"$(inherited)",
				);
				GCC_WARN_64_TO_32_BIT_CONVERSION = YES;
				GCC_WARN_ABOUT_RETURN_TYPE = YES_ERROR;
				GCC_WARN_UNDECLARED_SELECTOR = YES;
				GCC_WARN_UNINITIALIZED_AUTOS = YES_AGGRESSIVE;
				GCC_WARN_UNUSED_FUNCTION = YES;
				GCC_WARN_UNUSED_VARIABLE = YES;
				IPHONEOS_DEPLOYMENT_TARGET = 11.4;
				MTL_ENABLE_DEBUG_INFO = YES;
				ONLY_ACTIVE_ARCH = YES;
				SDKROOT = iphoneos;
				SWIFT_ACTIVE_COMPILATION_CONDITIONS = DEBUG;
				SWIFT_OPTIMIZATION_LEVEL = "-Onone";
			};
			name = Debug;
		};
		AC515DD6213D58CD0057F878 /* Release */ = {
			isa = XCBuildConfiguration;
			buildSettings = {
				ALWAYS_SEARCH_USER_PATHS = NO;
				CLANG_ANALYZER_NONNULL = YES;
				CLANG_ANALYZER_NUMBER_OBJECT_CONVERSION = YES_AGGRESSIVE;
				CLANG_CXX_LANGUAGE_STANDARD = "gnu++14";
				CLANG_CXX_LIBRARY = "libc++";
				CLANG_ENABLE_MODULES = YES;
				CLANG_ENABLE_OBJC_ARC = YES;
				CLANG_ENABLE_OBJC_WEAK = YES;
				CLANG_WARN_BLOCK_CAPTURE_AUTORELEASING = YES;
				CLANG_WARN_BOOL_CONVERSION = YES;
				CLANG_WARN_COMMA = YES;
				CLANG_WARN_CONSTANT_CONVERSION = YES;
				CLANG_WARN_DEPRECATED_OBJC_IMPLEMENTATIONS = YES;
				CLANG_WARN_DIRECT_OBJC_ISA_USAGE = YES_ERROR;
				CLANG_WARN_DOCUMENTATION_COMMENTS = YES;
				CLANG_WARN_EMPTY_BODY = YES;
				CLANG_WARN_ENUM_CONVERSION = YES;
				CLANG_WARN_INFINITE_RECURSION = YES;
				CLANG_WARN_INT_CONVERSION = YES;
				CLANG_WARN_NON_LITERAL_NULL_CONVERSION = YES;
				CLANG_WARN_OBJC_IMPLICIT_RETAIN_SELF = YES;
				CLANG_WARN_OBJC_LITERAL_CONVERSION = YES;
				CLANG_WARN_OBJC_ROOT_CLASS = YES_ERROR;
				CLANG_WARN_RANGE_LOOP_ANALYSIS = YES;
				CLANG_WARN_STRICT_PROTOTYPES = YES;
				CLANG_WARN_SUSPICIOUS_MOVE = YES;
				CLANG_WARN_UNGUARDED_AVAILABILITY = YES_AGGRESSIVE;
				CLANG_WARN_UNREACHABLE_CODE = YES;
				CLANG_WARN__DUPLICATE_METHOD_MATCH = YES;
				CODE_SIGN_IDENTITY = "iPhone Developer";
				COPY_PHASE_STRIP = NO;
				DEBUG_INFORMATION_FORMAT = "dwarf-with-dsym";
				ENABLE_NS_ASSERTIONS = NO;
				ENABLE_STRICT_OBJC_MSGSEND = YES;
				GCC_C_LANGUAGE_STANDARD = gnu11;
				GCC_NO_COMMON_BLOCKS = YES;
				GCC_WARN_64_TO_32_BIT_CONVERSION = YES;
				GCC_WARN_ABOUT_RETURN_TYPE = YES_ERROR;
				GCC_WARN_UNDECLARED_SELECTOR = YES;
				GCC_WARN_UNINITIALIZED_AUTOS = YES_AGGRESSIVE;
				GCC_WARN_UNUSED_FUNCTION = YES;
				GCC_WARN_UNUSED_VARIABLE = YES;
				IPHONEOS_DEPLOYMENT_TARGET = 11.4;
				MTL_ENABLE_DEBUG_INFO = NO;
				SDKROOT = iphoneos;
				SWIFT_COMPILATION_MODE = wholemodule;
				SWIFT_OPTIMIZATION_LEVEL = "-O";
				VALIDATE_PRODUCT = YES;
			};
			name = Release;
		};
		AC515DD8213D58CD0057F878 /* Debug */ = {
			isa = XCBuildConfiguration;
			buildSettings = {
				ASSETCATALOG_COMPILER_APPICON_NAME = AppIcon;
				CODE_SIGN_STYLE = Automatic;
				INFOPLIST_FILE = Exemplo1_Rest_IOS_Swift/Info.plist;
				LD_RUNPATH_SEARCH_PATHS = (
					"$(inherited)",
					"@executable_path/Frameworks",
				);
				PRODUCT_BUNDLE_IDENTIFIER = "com.fiap.Exemplo1-Rest-IOS-Swift";
				PRODUCT_NAME = "$(TARGET_NAME)";
				SWIFT_VERSION = 4.0;
				TARGETED_DEVICE_FAMILY = "1,2";
			};
			name = Debug;
		};
		AC515DD9213D58CD0057F878 /* Release */ = {
			isa = XCBuildConfiguration;
			buildSettings = {
				ASSETCATALOG_COMPILER_APPICON_NAME = AppIcon;
				CODE_SIGN_STYLE = Automatic;
				INFOPLIST_FILE = Exemplo1_Rest_IOS_Swift/Info.plist;
				LD_RUNPATH_SEARCH_PATHS = (
					"$(inherited)",
					"@executable_path/Frameworks",
				);
				PRODUCT_BUNDLE_IDENTIFIER = "com.fiap.Exemplo1-Rest-IOS-Swift";
				PRODUCT_NAME = "$(TARGET_NAME)";
				SWIFT_VERSION = 4.0;
				TARGETED_DEVICE_FAMILY = "1,2";
			};
			name = Release;
		};
/* End XCBuildConfiguration section */

/* Begin XCConfigurationList section */
		AC515DC0213D58CC0057F878 /* Build configuration list for PBXProject "Exemplo1_Rest_IOS_Swift" */ = {
			isa = XCConfigurationList;
			buildConfigurations = (
				AC515DD5213D58CD0057F878 /* Debug */,
				AC515DD6213D58CD0057F878 /* Release */,
			);
			defaultConfigurationIsVisible = 0;
			defaultConfigurationName = Release;
		};
		AC515DD7213D58CD0057F878 /* Build configuration list for PBXNativeTarget "Exemplo1_Rest_IOS_Swift" */ = {
			isa = XCConfigurationList;
			buildConfigurations = (
				AC515DD8213D58CD0057F878 /* Debug */,
				AC515DD9213D58CD0057F878 /* Release */,
			);
			defaultConfigurationIsVisible = 0;
			defaultConfigurationName = Release;
		};
/* End XCConfigurationList section */
	};
	rootObject = AC515DBD213D58CC0057F878 /* Project object */;
}
